// !$*UTF8*$!
{
	archiveVersion = 1;
	classes = {
	};
	objectVersion = 50;
	objects = {

/* Begin PBXBuildFile section */
		926A925123F44FD000548D07 /* Question.swift in Sources */ = {isa = PBXBuildFile; fileRef = 926A925023F44FD000548D07 /* Question.swift */; };
		926A925323F4520500548D07 /* ResponseType.swift in Sources */ = {isa = PBXBuildFile; fileRef = 926A925223F4520500548D07 /* ResponseType.swift */; };
		926A925523F4529700548D07 /* Answer.swift in Sources */ = {isa = PBXBuildFile; fileRef = 926A925423F4529700548D07 /* Answer.swift */; };
		926A925723F4531C00548D07 /* AnimalType.swift in Sources */ = {isa = PBXBuildFile; fileRef = 926A925623F4531C00548D07 /* AnimalType.swift */; };
		926A925B23F467A400548D07 /* QuestionsViewController.swift in Sources */ = {isa = PBXBuildFile; fileRef = 926A925A23F467A400548D07 /* QuestionsViewController.swift */; };
		926A925D23F467E100548D07 /* ResultsViewController.swift in Sources */ = {isa = PBXBuildFile; fileRef = 926A925C23F467E100548D07 /* ResultsViewController.swift */; };
		926C6A8723F34375001EEF8C /* AppDelegate.swift in Sources */ = {isa = PBXBuildFile; fileRef = 926C6A8623F34375001EEF8C /* AppDelegate.swift */; };
		926C6A8923F34375001EEF8C /* SceneDelegate.swift in Sources */ = {isa = PBXBuildFile; fileRef = 926C6A8823F34375001EEF8C /* SceneDelegate.swift */; };
		926C6A8B23F34375001EEF8C /* IntrodactionViewController.swift in Sources */ = {isa = PBXBuildFile; fileRef = 926C6A8A23F34375001EEF8C /* IntrodactionViewController.swift */; };
		926C6A8E23F34375001EEF8C /* Main.storyboard in Resources */ = {isa = PBXBuildFile; fileRef = 926C6A8C23F34375001EEF8C /* Main.storyboard */; };
		926C6A9023F34377001EEF8C /* Assets.xcassets in Resources */ = {isa = PBXBuildFile; fileRef = 926C6A8F23F34377001EEF8C /* Assets.xcassets */; };
		926C6A9323F34377001EEF8C /* LaunchScreen.storyboard in Resources */ = {isa = PBXBuildFile; fileRef = 926C6A9123F34377001EEF8C /* LaunchScreen.storyboard */; };
/* End PBXBuildFile section */

/* Begin PBXFileReference section */
		926A925023F44FD000548D07 /* Question.swift */ = {isa = PBXFileReference; lastKnownFileType = sourcecode.swift; path = Question.swift; sourceTree = "<group>"; };
		926A925223F4520500548D07 /* ResponseType.swift */ = {isa = PBXFileReference; lastKnownFileType = sourcecode.swift; path = ResponseType.swift; sourceTree = "<group>"; };
		926A925423F4529700548D07 /* Answer.swift */ = {isa = PBXFileReference; lastKnownFileType = sourcecode.swift; path = Answer.swift; sourceTree = "<group>"; };
		926A925623F4531C00548D07 /* AnimalType.swift */ = {isa = PBXFileReference; lastKnownFileType = sourcecode.swift; path = AnimalType.swift; sourceTree = "<group>"; };
		926A925A23F467A400548D07 /* QuestionsViewController.swift */ = {isa = PBXFileReference; lastKnownFileType = sourcecode.swift; path = QuestionsViewController.swift; sourceTree = "<group>"; };
		926A925C23F467E100548D07 /* ResultsViewController.swift */ = {isa = PBXFileReference; lastKnownFileType = sourcecode.swift; path = ResultsViewController.swift; sourceTree = "<group>"; };
		926C6A8323F34375001EEF8C /* PersonalQuiz.app */ = {isa = PBXFileReference; explicitFileType = wrapper.application; includeInIndex = 0; path = PersonalQuiz.app; sourceTree = BUILT_PRODUCTS_DIR; };
		926C6A8623F34375001EEF8C /* AppDelegate.swift */ = {isa = PBXFileReference; lastKnownFileType = sourcecode.swift; path = AppDelegate.swift; sourceTree = "<group>"; };
		926C6A8823F34375001EEF8C /* SceneDelegate.swift */ = {isa = PBXFileReference; lastKnownFileType = sourcecode.swift; path = SceneDelegate.swift; sourceTree = "<group>"; };
		926C6A8A23F34375001EEF8C /* IntrodactionViewController.swift */ = {isa = PBXFileReference; lastKnownFileType = sourcecode.swift; path = IntrodactionViewController.swift; sourceTree = "<group>"; };
		926C6A8D23F34375001EEF8C /* Base */ = {isa = PBXFileReference; lastKnownFileType = file.storyboard; name = Base; path = Base.lproj/Main.storyboard; sourceTree = "<group>"; };
		926C6A8F23F34377001EEF8C /* Assets.xcassets */ = {isa = PBXFileReference; lastKnownFileType = folder.assetcatalog; path = Assets.xcassets; sourceTree = "<group>"; };
		926C6A9223F34377001EEF8C /* Base */ = {isa = PBXFileReference; lastKnownFileType = file.storyboard; name = Base; path = Base.lproj/LaunchScreen.storyboard; sourceTree = "<group>"; };
		926C6A9423F34377001EEF8C /* Info.plist */ = {isa = PBXFileReference; lastKnownFileType = text.plist.xml; path = Info.plist; sourceTree = "<group>"; };
/* End PBXFileReference section */

/* Begin PBXFrameworksBuildPhase section */
		926C6A8023F34375001EEF8C /* Frameworks */ = {
			isa = PBXFrameworksBuildPhase;
			buildActionMask = 2147483647;
			files = (
			);
			runOnlyForDeploymentPostprocessing = 0;
		};
/* End PBXFrameworksBuildPhase section */

/* Begin PBXGroup section */
		926C6A7A23F34375001EEF8C = {
			isa = PBXGroup;
			children = (
				926C6A8523F34375001EEF8C /* PersonalQuiz */,
				926C6A8423F34375001EEF8C /* Products */,
			);
			sourceTree = "<group>";
		};
		926C6A8423F34375001EEF8C /* Products */ = {
			isa = PBXGroup;
			children = (
				926C6A8323F34375001EEF8C /* PersonalQuiz.app */,
			);
			name = Products;
			sourceTree = "<group>";
		};
		926C6A8523F34375001EEF8C /* PersonalQuiz */ = {
			isa = PBXGroup;
			children = (
				926C6A9E23F345C1001EEF8C /* Models */,
				926C6A9A23F343CC001EEF8C /* ViewControllers */,
				926C6A9B23F3446F001EEF8C /* SupportingFiles */,
				926C6A9C23F34568001EEF8C /* Storyboards */,
				926C6A9D23F34596001EEF8C /* Resourses */,
			);
			path = PersonalQuiz;
			sourceTree = "<group>";
		};
		926C6A9A23F343CC001EEF8C /* ViewControllers */ = {
			isa = PBXGroup;
			children = (
				926C6A8A23F34375001EEF8C /* IntrodactionViewController.swift */,
				926A925A23F467A400548D07 /* QuestionsViewController.swift */,
				926A925C23F467E100548D07 /* ResultsViewController.swift */,
			);
			path = ViewControllers;
			sourceTree = "<group>";
		};
		926C6A9B23F3446F001EEF8C /* SupportingFiles */ = {
			isa = PBXGroup;
			children = (
				926C6A8623F34375001EEF8C /* AppDelegate.swift */,
				926C6A8823F34375001EEF8C /* SceneDelegate.swift */,
				926C6A9423F34377001EEF8C /* Info.plist */,
			);
			path = SupportingFiles;
			sourceTree = "<group>";
		};
		926C6A9C23F34568001EEF8C /* Storyboards */ = {
			isa = PBXGroup;
			children = (
				926C6A8C23F34375001EEF8C /* Main.storyboard */,
				926C6A9123F34377001EEF8C /* LaunchScreen.storyboard */,
			);
			path = Storyboards;
			sourceTree = "<group>";
		};
		926C6A9D23F34596001EEF8C /* Resourses */ = {
			isa = PBXGroup;
			children = (
				926C6A8F23F34377001EEF8C /* Assets.xcassets */,
			);
			path = Resourses;
			sourceTree = "<group>";
		};
		926C6A9E23F345C1001EEF8C /* Models */ = {
			isa = PBXGroup;
			children = (
				926A925023F44FD000548D07 /* Question.swift */,
				926A925223F4520500548D07 /* ResponseType.swift */,
				926A925423F4529700548D07 /* Answer.swift */,
				926A925623F4531C00548D07 /* AnimalType.swift */,
			);
			path = Models;
			sourceTree = "<group>";
		};
/* End PBXGroup section */

/* Begin PBXNativeTarget section */
		926C6A8223F34375001EEF8C /* PersonalQuiz */ = {
			isa = PBXNativeTarget;
			buildConfigurationList = 926C6A9723F34377001EEF8C /* Build configuration list for PBXNativeTarget "PersonalQuiz" */;
			buildPhases = (
				926C6A7F23F34375001EEF8C /* Sources */,
				926C6A8023F34375001EEF8C /* Frameworks */,
				926C6A8123F34375001EEF8C /* Resources */,
			);
			buildRules = (
			);
			dependencies = (
			);
			name = PersonalQuiz;
			productName = PersonalQuiz;
			productReference = 926C6A8323F34375001EEF8C /* PersonalQuiz.app */;
			productType = "com.apple.product-type.application";
		};
/* End PBXNativeTarget section */

/* Begin PBXProject section */
		926C6A7B23F34375001EEF8C /* Project object */ = {
			isa = PBXProject;
			attributes = {
				LastSwiftUpdateCheck = 1130;
				LastUpgradeCheck = 1130;
				ORGANIZATIONNAME = Denis;
				TargetAttributes = {
					926C6A8223F34375001EEF8C = {
						CreatedOnToolsVersion = 11.3.1;
					};
				};
			};
			buildConfigurationList = 926C6A7E23F34375001EEF8C /* Build configuration list for PBXProject "PersonalQuiz" */;
			compatibilityVersion = "Xcode 9.3";
			developmentRegion = en;
			hasScannedForEncodings = 0;
			knownRegions = (
				en,
				Base,
			);
			mainGroup = 926C6A7A23F34375001EEF8C;
			productRefGroup = 926C6A8423F34375001EEF8C /* Products */;
			projectDirPath = "";
			projectRoot = "";
			targets = (
				926C6A8223F34375001EEF8C /* PersonalQuiz */,
			);
		};
/* End PBXProject section */

/* Begin PBXResourcesBuildPhase section */
		926C6A8123F34375001EEF8C /* Resources */ = {
			isa = PBXResourcesBuildPhase;
			buildActionMask = 2147483647;
			files = (
				926C6A9323F34377001EEF8C /* LaunchScreen.storyboard in Resources */,
				926C6A9023F34377001EEF8C /* Assets.xcassets in Resources */,
				926C6A8E23F34375001EEF8C /* Main.storyboard in Resources */,
			);
			runOnlyForDeploymentPostprocessing = 0;
		};
/* End PBXResourcesBuildPhase section */

/* Begin PBXSourcesBuildPhase section */
		926C6A7F23F34375001EEF8C /* Sources */ = {
			isa = PBXSourcesBuildPhase;
			buildActionMask = 2147483647;
			files = (
				926C6A8B23F34375001EEF8C /* IntrodactionViewController.swift in Sources */,
				926A925123F44FD000548D07 /* Question.swift in Sources */,
				926A925B23F467A400548D07 /* QuestionsViewController.swift in Sources */,
				926C6A8723F34375001EEF8C /* AppDelegate.swift in Sources */,
				926A925523F4529700548D07 /* Answer.swift in Sources */,
				926A925D23F467E100548D07 /* ResultsViewController.swift in Sources */,
				926C6A8923F34375001EEF8C /* SceneDelegate.swift in Sources */,
				926A925323F4520500548D07 /* ResponseType.swift in Sources */,
				926A925723F4531C00548D07 /* AnimalType.swift in Sources */,
			);
			runOnlyForDeploymentPostprocessing = 0;
		};
/* End PBXSourcesBuildPhase section */

/* Begin PBXVariantGroup section */
		926C6A8C23F34375001EEF8C /* Main.storyboard */ = {
			isa = PBXVariantGroup;
			children = (
				926C6A8D23F34375001EEF8C /* Base */,
			);
			name = Main.storyboard;
			sourceTree = "<group>";
		};
		926C6A9123F34377001EEF8C /* LaunchScreen.storyboard */ = {
			isa = PBXVariantGroup;
			children = (
				926C6A9223F34377001EEF8C /* Base */,
			);
			name = LaunchScreen.storyboard;
			sourceTree = "<group>";
		};
/* End PBXVariantGroup section */

/* Begin XCBuildConfiguration section */
		926C6A9523F34377001EEF8C /* Debug */ = {
			isa = XCBuildConfiguration;
			buildSettings = {
				ALWAYS_SEARCH_USER_PATHS = NO;
				CLANG_ANALYZER_NONNULL = YES;
				CLANG_ANALYZER_NUMBER_OBJECT_CONVERSION = YES_AGGRESSIVE;
				CLANG_CXX_LANGUAGE_STANDARD = "gnu++14";
				CLANG_CXX_LIBRARY = "libc++";
				CLANG_ENABLE_MODULES = YES;
				CLANG_ENABLE_OBJC_ARC = YES;
				CLANG_ENABLE_OBJC_WEAK = YES;
				CLANG_WARN_BLOCK_CAPTURE_AUTORELEASING = YES;
				CLANG_WARN_BOOL_CONVERSION = YES;
				CLANG_WARN_COMMA = YES;
				CLANG_WARN_CONSTANT_CONVERSION = YES;
				CLANG_WARN_DEPRECATED_OBJC_IMPLEMENTATIONS = YES;
				CLANG_WARN_DIRECT_OBJC_ISA_USAGE = YES_ERROR;
				CLANG_WARN_DOCUMENTATION_COMMENTS = YES;
				CLANG_WARN_EMPTY_BODY = YES;
				CLANG_WARN_ENUM_CONVERSION = YES;
				CLANG_WARN_INFINITE_RECURSION = YES;
				CLANG_WARN_INT_CONVERSION = YES;
				CLANG_WARN_NON_LITERAL_NULL_CONVERSION = YES;
				CLANG_WARN_OBJC_IMPLICIT_RETAIN_SELF = YES;
				CLANG_WARN_OBJC_LITERAL_CONVERSION = YES;
				CLANG_WARN_OBJC_ROOT_CLASS = YES_ERROR;
				CLANG_WARN_RANGE_LOOP_ANALYSIS = YES;
				CLANG_WARN_STRICT_PROTOTYPES = YES;
				CLANG_WARN_SUSPICIOUS_MOVE = YES;
				CLANG_WARN_UNGUARDED_AVAILABILITY = YES_AGGRESSIVE;
				CLANG_WARN_UNREACHABLE_CODE = YES;
				CLANG_WARN__DUPLICATE_METHOD_MATCH = YES;
				COPY_PHASE_STRIP = NO;
				DEBUG_INFORMATION_FORMAT = dwarf;
				ENABLE_STRICT_OBJC_MSGSEND = YES;
				ENABLE_TESTABILITY = YES;
				GCC_C_LANGUAGE_STANDARD = gnu11;
				GCC_DYNAMIC_NO_PIC = NO;
				GCC_NO_COMMON_BLOCKS = YES;
				GCC_OPTIMIZATION_LEVEL = 0;
				GCC_PREPROCESSOR_DEFINITIONS = (
					"DEBUG=1",
					"$(inherited)",
				);
				GCC_WARN_64_TO_32_BIT_CONVERSION = YES;
				GCC_WARN_ABOUT_RETURN_TYPE = YES_ERROR;
				GCC_WARN_UNDECLARED_SELECTOR = YES;
				GCC_WARN_UNINITIALIZED_AUTOS = YES_AGGRESSIVE;
				GCC_WARN_UNUSED_FUNCTION = YES;
				GCC_WARN_UNUSED_VARIABLE = YES;
				IPHONEOS_DEPLOYMENT_TARGET = 13.2;
				MTL_ENABLE_DEBUG_INFO = INCLUDE_SOURCE;
				MTL_FAST_MATH = YES;
				ONLY_ACTIVE_ARCH = YES;
				SDKROOT = iphoneos;
				SWIFT_ACTIVE_COMPILATION_CONDITIONS = DEBUG;
				SWIFT_OPTIMIZATION_LEVEL = "-Onone";
			};
			name = Debug;
		};
		926C6A9623F34377001EEF8C /* Release */ = {
			isa = XCBuildConfiguration;
			buildSettings = {
				ALWAYS_SEARCH_USER_PATHS = NO;
				CLANG_ANALYZER_NONNULL = YES;
				CLANG_ANALYZER_NUMBER_OBJECT_CONVERSION = YES_AGGRESSIVE;
				CLANG_CXX_LANGUAGE_STANDARD = "gnu++14";
				CLANG_CXX_LIBRARY = "libc++";
				CLANG_ENABLE_MODULES = YES;
				CLANG_ENABLE_OBJC_ARC = YES;
				CLANG_ENABLE_OBJC_WEAK = YES;
				CLANG_WARN_BLOCK_CAPTURE_AUTORELEASING = YES;
				CLANG_WARN_BOOL_CONVERSION = YES;
				CLANG_WARN_COMMA = YES;
				CLANG_WARN_CONSTANT_CONVERSION = YES;
				CLANG_WARN_DEPRECATED_OBJC_IMPLEMENTATIONS = YES;
				CLANG_WARN_DIRECT_OBJC_ISA_USAGE = YES_ERROR;
				CLANG_WARN_DOCUMENTATION_COMMENTS = YES;
				CLANG_WARN_EMPTY_BODY = YES;
				CLANG_WARN_ENUM_CONVERSION = YES;
				CLANG_WARN_INFINITE_RECURSION = YES;
				CLANG_WARN_INT_CONVERSION = YES;
				CLANG_WARN_NON_LITERAL_NULL_CONVERSION = YES;
				CLANG_WARN_OBJC_IMPLICIT_RETAIN_SELF = YES;
				CLANG_WARN_OBJC_LITERAL_CONVERSION = YES;
				CLANG_WARN_OBJC_ROOT_CLASS = YES_ERROR;
				CLANG_WARN_RANGE_LOOP_ANALYSIS = YES;
				CLANG_WARN_STRICT_PROTOTYPES = YES;
				CLANG_WARN_SUSPICIOUS_MOVE = YES;
				CLANG_WARN_UNGUARDED_AVAILABILITY = YES_AGGRESSIVE;
				CLANG_WARN_UNREACHABLE_CODE = YES;
				CLANG_WARN__DUPLICATE_METHOD_MATCH = YES;
				COPY_PHASE_STRIP = NO;
				DEBUG_INFORMATION_FORMAT = "dwarf-with-dsym";
				ENABLE_NS_ASSERTIONS = NO;
				ENABLE_STRICT_OBJC_MSGSEND = YES;
				GCC_C_LANGUAGE_STANDARD = gnu11;
				GCC_NO_COMMON_BLOCKS = YES;
				GCC_WARN_64_TO_32_BIT_CONVERSION = YES;
				GCC_WARN_ABOUT_RETURN_TYPE = YES_ERROR;
				GCC_WARN_UNDECLARED_SELECTOR = YES;
				GCC_WARN_UNINITIALIZED_AUTOS = YES_AGGRESSIVE;
				GCC_WARN_UNUSED_FUNCTION = YES;
				GCC_WARN_UNUSED_VARIABLE = YES;
				IPHONEOS_DEPLOYMENT_TARGET = 13.2;
				MTL_ENABLE_DEBUG_INFO = NO;
				MTL_FAST_MATH = YES;
				SDKROOT = iphoneos;
				SWIFT_COMPILATION_MODE = wholemodule;
				SWIFT_OPTIMIZATION_LEVEL = "-O";
				VALIDATE_PRODUCT = YES;
			};
			name = Release;
		};
		926C6A9823F34377001EEF8C /* Debug */ = {
			isa = XCBuildConfiguration;
			buildSettings = {
				ASSETCATALOG_COMPILER_APPICON_NAME = AppIcon;
				CODE_SIGN_STYLE = Automatic;
				DEVELOPMENT_TEAM = HK8784RRKY;
				INFOPLIST_FILE = PersonalQuiz/SupportingFiles/Info.plist;
				LD_RUNPATH_SEARCH_PATHS = (
					"$(inherited)",
					"@executable_path/Frameworks",
				);
				PRODUCT_BUNDLE_IDENTIFIER = Home.PersonalQuiz;
				PRODUCT_NAME = "$(TARGET_NAME)";
				SWIFT_VERSION = 5.0;
				TARGETED_DEVICE_FAMILY = 1;
			};
			name = Debug;
		};
		926C6A9923F34377001EEF8C /* Release */ = {
			isa = XCBuildConfiguration;
			buildSettings = {
				ASSETCATALOG_COMPILER_APPICON_NAME = AppIcon;
				CODE_SIGN_STYLE = Automatic;
				DEVELOPMENT_TEAM = HK8784RRKY;
				INFOPLIST_FILE = PersonalQuiz/SupportingFiles/Info.plist;
				LD_RUNPATH_SEARCH_PATHS = (
					"$(inherited)",
					"@executable_path/Frameworks",
				);
				PRODUCT_BUNDLE_IDENTIFIER = Home.PersonalQuiz;
				PRODUCT_NAME = "$(TARGET_NAME)";
				SWIFT_VERSION = 5.0;
				TARGETED_DEVICE_FAMILY = 1;
			};
			name = Release;
		};
/* End XCBuildConfiguration section */

/* Begin XCConfigurationList section */
		926C6A7E23F34375001EEF8C /* Build configuration list for PBXProject "PersonalQuiz" */ = {
			isa = XCConfigurationList;
			buildConfigurations = (
				926C6A9523F34377001EEF8C /* Debug */,
				926C6A9623F34377001EEF8C /* Release */,
			);
			defaultConfigurationIsVisible = 0;
			defaultConfigurationName = Release;
		};
		926C6A9723F34377001EEF8C /* Build configuration list for PBXNativeTarget "PersonalQuiz" */ = {
			isa = XCConfigurationList;
			buildConfigurations = (
				926C6A9823F34377001EEF8C /* Debug */,
				926C6A9923F34377001EEF8C /* Release */,
			);
			defaultConfigurationIsVisible = 0;
			defaultConfigurationName = Release;
		};
/* End XCConfigurationList section */
	};
	rootObject = 926C6A7B23F34375001EEF8C /* Project object */;
}
